
Microsoft Visual Studio Solution File, Format Version 12.00
# Visual Studio Version 17
VisualStudioVersion = 17.0.31903.59
MinimumVisualStudioVersion = 10.0.40219.1
Project("{FAE04EC0-301F-11D3-BF4B-00C04F79EFBC}") = "Domain", "Domain\Domain.csproj", "{925C2689-2101-4860-B17D-31C1CA59FB99}"
EndProject
Project("{FAE04EC0-301F-11D3-BF4B-00C04F79EFBC}") = "Infrastructure", "Infrastructure\Infrastructure.csproj", "{7F16842F-53B3-457E-A46F-0E7C9D8CB3A3}"
EndProject
Project("{FAE04EC0-301F-11D3-BF4B-00C04F79EFBC}") = "MainApp", "MainApp\MainApp.csproj", "{FB28B870-6A06-4247-BB59-EB40EBEA84C7}"
EndProject
Global
	GlobalSection(SolutionConfigurationPlatforms) = preSolution
		Debug|Any CPU = Debug|Any CPU
		Release|Any CPU = Release|Any CPU
	EndGlobalSection
	GlobalSection(SolutionProperties) = preSolution
		HideSolutionNode = FALSE
	EndGlobalSection
	GlobalSection(ProjectConfigurationPlatforms) = postSolution
		{925C2689-2101-4860-B17D-31C1CA59FB99}.Debug|Any CPU.ActiveCfg = Debug|Any CPU
		{925C2689-2101-4860-B17D-31C1CA59FB99}.Debug|Any CPU.Build.0 = Debug|Any CPU
		{925C2689-2101-4860-B17D-31C1CA59FB99}.Release|Any CPU.ActiveCfg = Release|Any CPU
		{925C2689-2101-4860-B17D-31C1CA59FB99}.Release|Any CPU.Build.0 = Release|Any CPU
		{7F16842F-53B3-457E-A46F-0E7C9D8CB3A3}.Debug|Any CPU.ActiveCfg = Debug|Any CPU
		{7F16842F-53B3-457E-A46F-0E7C9D8CB3A3}.Debug|Any CPU.Build.0 = Debug|Any CPU
		{7F16842F-53B3-457E-A46F-0E7C9D8CB3A3}.Release|Any CPU.ActiveCfg = Release|Any CPU
		{7F16842F-53B3-457E-A46F-0E7C9D8CB3A3}.Release|Any CPU.Build.0 = Release|Any CPU
		{FB28B870-6A06-4247-BB59-EB40EBEA84C7}.Debug|Any CPU.ActiveCfg = Debug|Any CPU
		{FB28B870-6A06-4247-BB59-EB40EBEA84C7}.Debug|Any CPU.Build.0 = Debug|Any CPU
		{FB28B870-6A06-4247-BB59-EB40EBEA84C7}.Release|Any CPU.ActiveCfg = Release|Any CPU
		{FB28B870-6A06-4247-BB59-EB40EBEA84C7}.Release|Any CPU.Build.0 = Release|Any CPU
	EndGlobalSection
EndGlobal
